
Microsoft Visual Studio Solution File, Format Version 12.00
# Visual Studio Version 17
VisualStudioVersion = 17.0.31903.59
MinimumVisualStudioVersion = 10.0.40219.1
Project("{FAE04EC0-301F-11D3-BF4B-00C04F79EFBC}") = "PizzaWorkflow", "PizzaWorkflow\PizzaWorkflow.csproj", "{64DAC226-B79F-4B2D-BB83-56FC07A9C364}"
EndProject
Project("{FAE04EC0-301F-11D3-BF4B-00C04F79EFBC}") = "PizzaStore", "PizzaStore\PizzaStore.csproj", "{567656B9-2D1E-4F66-9328-2D911EFD3F16}"
EndProject
Project("{FAE04EC0-301F-11D3-BF4B-00C04F79EFBC}") = "PizzaKitchen", "PizzaKitchen\PizzaKitchen.csproj", "{A421BCD1-CC65-4707-B9FD-A090266C5404}"
EndProject
Project("{FAE04EC0-301F-11D3-BF4B-00C04F79EFBC}") = "PizzaDelivery", "PizzaDelivery\PizzaDelivery.csproj", "{3767ECC1-E2E6-48D6-A243-BE2F91CF4A49}"
EndProject
Project("{FAE04EC0-301F-11D3-BF4B-00C04F79EFBC}") = "PizzaOrder", "PizzaOrder\PizzaOrder.csproj", "{B79C1BD9-41BA-45D1-9757-799917274988}"
EndProject
Global
	GlobalSection(SolutionConfigurationPlatforms) = preSolution
		Debug|Any CPU = Debug|Any CPU
		Release|Any CPU = Release|Any CPU
	EndGlobalSection
	GlobalSection(SolutionProperties) = preSolution
		HideSolutionNode = FALSE
	EndGlobalSection
	GlobalSection(ProjectConfigurationPlatforms) = postSolution
		{64DAC226-B79F-4B2D-BB83-56FC07A9C364}.Debug|Any CPU.ActiveCfg = Debug|Any CPU
		{64DAC226-B79F-4B2D-BB83-56FC07A9C364}.Debug|Any CPU.Build.0 = Debug|Any CPU
		{64DAC226-B79F-4B2D-BB83-56FC07A9C364}.Release|Any CPU.ActiveCfg = Release|Any CPU
		{64DAC226-B79F-4B2D-BB83-56FC07A9C364}.Release|Any CPU.Build.0 = Release|Any CPU
		{567656B9-2D1E-4F66-9328-2D911EFD3F16}.Debug|Any CPU.ActiveCfg = Debug|Any CPU
		{567656B9-2D1E-4F66-9328-2D911EFD3F16}.Debug|Any CPU.Build.0 = Debug|Any CPU
		{567656B9-2D1E-4F66-9328-2D911EFD3F16}.Release|Any CPU.ActiveCfg = Release|Any CPU
		{567656B9-2D1E-4F66-9328-2D911EFD3F16}.Release|Any CPU.Build.0 = Release|Any CPU
		{A421BCD1-CC65-4707-B9FD-A090266C5404}.Debug|Any CPU.ActiveCfg = Debug|Any CPU
		{A421BCD1-CC65-4707-B9FD-A090266C5404}.Debug|Any CPU.Build.0 = Debug|Any CPU
		{A421BCD1-CC65-4707-B9FD-A090266C5404}.Release|Any CPU.ActiveCfg = Release|Any CPU
		{A421BCD1-CC65-4707-B9FD-A090266C5404}.Release|Any CPU.Build.0 = Release|Any CPU
		{3767ECC1-E2E6-48D6-A243-BE2F91CF4A49}.Debug|Any CPU.ActiveCfg = Debug|Any CPU
		{3767ECC1-E2E6-48D6-A243-BE2F91CF4A49}.Debug|Any CPU.Build.0 = Debug|Any CPU
		{3767ECC1-E2E6-48D6-A243-BE2F91CF4A49}.Release|Any CPU.ActiveCfg = Release|Any CPU
		{3767ECC1-E2E6-48D6-A243-BE2F91CF4A49}.Release|Any CPU.Build.0 = Release|Any CPU
		{B79C1BD9-41BA-45D1-9757-799917274988}.Debug|Any CPU.ActiveCfg = Debug|Any CPU
		{B79C1BD9-41BA-45D1-9757-799917274988}.Debug|Any CPU.Build.0 = Debug|Any CPU
		{B79C1BD9-41BA-45D1-9757-799917274988}.Release|Any CPU.ActiveCfg = Release|Any CPU
		{B79C1BD9-41BA-45D1-9757-799917274988}.Release|Any CPU.Build.0 = Release|Any CPU
	EndGlobalSection
EndGlobal
